// !$*UTF8*$!
{
	archiveVersion = 1;
	classes = {
	};
	objectVersion = 46;
	objects = {

/* Begin PBXBuildFile section */
		12BB364A1931469D00E7CF26 /* Foundation.framework in Frameworks */ = {isa = PBXBuildFile; fileRef = 12BB36491931469D00E7CF26 /* Foundation.framework */; };
		12BB364C1931469D00E7CF26 /* CoreGraphics.framework in Frameworks */ = {isa = PBXBuildFile; fileRef = 12BB364B1931469D00E7CF26 /* CoreGraphics.framework */; };
		12BB364E1931469D00E7CF26 /* UIKit.framework in Frameworks */ = {isa = PBXBuildFile; fileRef = 12BB364D1931469D00E7CF26 /* UIKit.framework */; };
		12BB36541931469D00E7CF26 /* InfoPlist.strings in Resources */ = {isa = PBXBuildFile; fileRef = 12BB36521931469D00E7CF26 /* InfoPlist.strings */; };
		12BB36561931469D00E7CF26 /* main.m in Sources */ = {isa = PBXBuildFile; fileRef = 12BB36551931469D00E7CF26 /* main.m */; };
		12BB365A1931469D00E7CF26 /* MKKAppDelegate.m in Sources */ = {isa = PBXBuildFile; fileRef = 12BB36591931469D00E7CF26 /* MKKAppDelegate.m */; };
		12BB365D1931469D00E7CF26 /* Main.storyboard in Resources */ = {isa = PBXBuildFile; fileRef = 12BB365B1931469D00E7CF26 /* Main.storyboard */; };
		12BB36601931469D00E7CF26 /* MKKViewController.m in Sources */ = {isa = PBXBuildFile; fileRef = 12BB365F1931469D00E7CF26 /* MKKViewController.m */; };
		12BB36621931469D00E7CF26 /* Images.xcassets in Resources */ = {isa = PBXBuildFile; fileRef = 12BB36611931469D00E7CF26 /* Images.xcassets */; };
		12BB36691931469D00E7CF26 /* XCTest.framework in Frameworks */ = {isa = PBXBuildFile; fileRef = 12BB36681931469D00E7CF26 /* XCTest.framework */; };
		12BB366A1931469D00E7CF26 /* Foundation.framework in Frameworks */ = {isa = PBXBuildFile; fileRef = 12BB36491931469D00E7CF26 /* Foundation.framework */; };
		12BB366B1931469D00E7CF26 /* UIKit.framework in Frameworks */ = {isa = PBXBuildFile; fileRef = 12BB364D1931469D00E7CF26 /* UIKit.framework */; };
		12BB36731931469D00E7CF26 /* InfoPlist.strings in Resources */ = {isa = PBXBuildFile; fileRef = 12BB36711931469D00E7CF26 /* InfoPlist.strings */; };
		12BB36751931469D00E7CF26 /* HelloOpenCViOSTests.m in Sources */ = {isa = PBXBuildFile; fileRef = 12BB36741931469D00E7CF26 /* HelloOpenCViOSTests.m */; };
		12BB367F1931475500E7CF26 /* opencv2.framework in Frameworks */ = {isa = PBXBuildFile; fileRef = 12BB367E1931475500E7CF26 /* opencv2.framework */; };
		12BB36811931498C00E7CF26 /* Accelerate.framework in Frameworks */ = {isa = PBXBuildFile; fileRef = 12BB36801931498C00E7CF26 /* Accelerate.framework */; };
		12BB36831931499500E7CF26 /* AssetsLibrary.framework in Frameworks */ = {isa = PBXBuildFile; fileRef = 12BB36821931499500E7CF26 /* AssetsLibrary.framework */; };
		12BB36851931499E00E7CF26 /* AVFoundation.framework in Frameworks */ = {isa = PBXBuildFile; fileRef = 12BB36841931499E00E7CF26 /* AVFoundation.framework */; };
		12BB3687193149B500E7CF26 /* CoreImage.framework in Frameworks */ = {isa = PBXBuildFile; fileRef = 12BB3686193149B500E7CF26 /* CoreImage.framework */; };
		12BB3689193149C400E7CF26 /* CoreMedia.framework in Frameworks */ = {isa = PBXBuildFile; fileRef = 12BB3688193149C400E7CF26 /* CoreMedia.framework */; };
		12BB368B193149CF00E7CF26 /* QuartzCore.framework in Frameworks */ = {isa = PBXBuildFile; fileRef = 12BB368A193149CF00E7CF26 /* QuartzCore.framework */; };
/* End PBXBuildFile section */

/* Begin PBXContainerItemProxy section */
		12BB366C1931469D00E7CF26 /* PBXContainerItemProxy */ = {
			isa = PBXContainerItemProxy;
			containerPortal = 12BB363E1931469D00E7CF26 /* Project object */;
			proxyType = 1;
			remoteGlobalIDString = 12BB36451931469D00E7CF26;
			remoteInfo = HelloOpenCViOS;
		};
/* End PBXContainerItemProxy section */

/* Begin PBXFileReference section */
		12BB36461931469D00E7CF26 /* HelloOpenCViOS.app */ = {isa = PBXFileReference; explicitFileType = wrapper.application; includeInIndex = 0; path = HelloOpenCViOS.app; sourceTree = BUILT_PRODUCTS_DIR; };
		12BB36491931469D00E7CF26 /* Foundation.framework */ = {isa = PBXFileReference; lastKnownFileType = wrapper.framework; name = Foundation.framework; path = System/Library/Frameworks/Foundation.framework; sourceTree = SDKROOT; };
		12BB364B1931469D00E7CF26 /* CoreGraphics.framework */ = {isa = PBXFileReference; lastKnownFileType = wrapper.framework; name = CoreGraphics.framework; path = System/Library/Frameworks/CoreGraphics.framework; sourceTree = SDKROOT; };
		12BB364D1931469D00E7CF26 /* UIKit.framework */ = {isa = PBXFileReference; lastKnownFileType = wrapper.framework; name = UIKit.framework; path = System/Library/Frameworks/UIKit.framework; sourceTree = SDKROOT; };
		12BB36511931469D00E7CF26 /* HelloOpenCViOS-Info.plist */ = {isa = PBXFileReference; lastKnownFileType = text.plist.xml; path = "HelloOpenCViOS-Info.plist"; sourceTree = "<group>"; };
		12BB36531931469D00E7CF26 /* en */ = {isa = PBXFileReference; lastKnownFileType = text.plist.strings; name = en; path = en.lproj/InfoPlist.strings; sourceTree = "<group>"; };
		12BB36551931469D00E7CF26 /* main.m */ = {isa = PBXFileReference; lastKnownFileType = sourcecode.c.objc; path = main.m; sourceTree = "<group>"; };
		12BB36571931469D00E7CF26 /* HelloOpenCViOS-Prefix.pch */ = {isa = PBXFileReference; lastKnownFileType = sourcecode.c.h; path = "HelloOpenCViOS-Prefix.pch"; sourceTree = "<group>"; };
		12BB36581931469D00E7CF26 /* MKKAppDelegate.h */ = {isa = PBXFileReference; lastKnownFileType = sourcecode.c.h; path = MKKAppDelegate.h; sourceTree = "<group>"; };
		12BB36591931469D00E7CF26 /* MKKAppDelegate.m */ = {isa = PBXFileReference; lastKnownFileType = sourcecode.c.objc; path = MKKAppDelegate.m; sourceTree = "<group>"; };
		12BB365C1931469D00E7CF26 /* Base */ = {isa = PBXFileReference; lastKnownFileType = file.storyboard; name = Base; path = Base.lproj/Main.storyboard; sourceTree = "<group>"; };
		12BB365E1931469D00E7CF26 /* MKKViewController.h */ = {isa = PBXFileReference; lastKnownFileType = sourcecode.c.h; path = MKKViewController.h; sourceTree = "<group>"; };
		12BB365F1931469D00E7CF26 /* MKKViewController.m */ = {isa = PBXFileReference; explicitFileType = sourcecode.cpp.objcpp; path = MKKViewController.m; sourceTree = "<group>"; };
		12BB36611931469D00E7CF26 /* Images.xcassets */ = {isa = PBXFileReference; lastKnownFileType = folder.assetcatalog; path = Images.xcassets; sourceTree = "<group>"; };
		12BB36671931469D00E7CF26 /* HelloOpenCViOSTests.xctest */ = {isa = PBXFileReference; explicitFileType = wrapper.cfbundle; includeInIndex = 0; path = HelloOpenCViOSTests.xctest; sourceTree = BUILT_PRODUCTS_DIR; };
		12BB36681931469D00E7CF26 /* XCTest.framework */ = {isa = PBXFileReference; lastKnownFileType = wrapper.framework; name = XCTest.framework; path = Library/Frameworks/XCTest.framework; sourceTree = DEVELOPER_DIR; };
		12BB36701931469D00E7CF26 /* HelloOpenCViOSTests-Info.plist */ = {isa = PBXFileReference; lastKnownFileType = text.plist.xml; path = "HelloOpenCViOSTests-Info.plist"; sourceTree = "<group>"; };
		12BB36721931469D00E7CF26 /* en */ = {isa = PBXFileReference; lastKnownFileType = text.plist.strings; name = en; path = en.lproj/InfoPlist.strings; sourceTree = "<group>"; };
		12BB36741931469D00E7CF26 /* HelloOpenCViOSTests.m */ = {isa = PBXFileReference; lastKnownFileType = sourcecode.c.objc; path = HelloOpenCViOSTests.m; sourceTree = "<group>"; };
		12BB367E1931475500E7CF26 /* opencv2.framework */ = {isa = PBXFileReference; lastKnownFileType = wrapper.framework; name = opencv2.framework; path = ../opencv2.framework; sourceTree = "<group>"; };
		12BB36801931498C00E7CF26 /* Accelerate.framework */ = {isa = PBXFileReference; lastKnownFileType = wrapper.framework; name = Accelerate.framework; path = System/Library/Frameworks/Accelerate.framework; sourceTree = SDKROOT; };
		12BB36821931499500E7CF26 /* AssetsLibrary.framework */ = {isa = PBXFileReference; lastKnownFileType = wrapper.framework; name = AssetsLibrary.framework; path = System/Library/Frameworks/AssetsLibrary.framework; sourceTree = SDKROOT; };
		12BB36841931499E00E7CF26 /* AVFoundation.framework */ = {isa = PBXFileReference; lastKnownFileType = wrapper.framework; name = AVFoundation.framework; path = System/Library/Frameworks/AVFoundation.framework; sourceTree = SDKROOT; };
		12BB3686193149B500E7CF26 /* CoreImage.framework */ = {isa = PBXFileReference; lastKnownFileType = wrapper.framework; name = CoreImage.framework; path = System/Library/Frameworks/CoreImage.framework; sourceTree = SDKROOT; };
		12BB3688193149C400E7CF26 /* CoreMedia.framework */ = {isa = PBXFileReference; lastKnownFileType = wrapper.framework; name = CoreMedia.framework; path = System/Library/Frameworks/CoreMedia.framework; sourceTree = SDKROOT; };
		12BB368A193149CF00E7CF26 /* QuartzCore.framework */ = {isa = PBXFileReference; lastKnownFileType = wrapper.framework; name = QuartzCore.framework; path = System/Library/Frameworks/QuartzCore.framework; sourceTree = SDKROOT; };
/* End PBXFileReference section */

/* Begin PBXFrameworksBuildPhase section */
		12BB36431931469D00E7CF26 /* Frameworks */ = {
			isa = PBXFrameworksBuildPhase;
			buildActionMask = 2147483647;
			files = (
				12BB364A1931469D00E7CF26 /* Foundation.framework in Frameworks */,
				12BB368B193149CF00E7CF26 /* QuartzCore.framework in Frameworks */,
				12BB3689193149C400E7CF26 /* CoreMedia.framework in Frameworks */,
				12BB3687193149B500E7CF26 /* CoreImage.framework in Frameworks */,
				12BB364E1931469D00E7CF26 /* UIKit.framework in Frameworks */,
				12BB364C1931469D00E7CF26 /* CoreGraphics.framework in Frameworks */,
				12BB36851931499E00E7CF26 /* AVFoundation.framework in Frameworks */,
				12BB36831931499500E7CF26 /* AssetsLibrary.framework in Frameworks */,
				12BB36811931498C00E7CF26 /* Accelerate.framework in Frameworks */,
				12BB367F1931475500E7CF26 /* opencv2.framework in Frameworks */,
			);
			runOnlyForDeploymentPostprocessing = 0;
		};
		12BB36641931469D00E7CF26 /* Frameworks */ = {
			isa = PBXFrameworksBuildPhase;
			buildActionMask = 2147483647;
			files = (
				12BB36691931469D00E7CF26 /* XCTest.framework in Frameworks */,
				12BB366B1931469D00E7CF26 /* UIKit.framework in Frameworks */,
				12BB366A1931469D00E7CF26 /* Foundation.framework in Frameworks */,
			);
			runOnlyForDeploymentPostprocessing = 0;
		};
/* End PBXFrameworksBuildPhase section */

/* Begin PBXGroup section */
		12BB363D1931469D00E7CF26 = {
			isa = PBXGroup;
			children = (
				12BB364F1931469D00E7CF26 /* HelloOpenCViOS */,
				12BB366E1931469D00E7CF26 /* HelloOpenCViOSTests */,
				12BB36481931469D00E7CF26 /* Frameworks */,
				12BB36471931469D00E7CF26 /* Products */,
			);
			sourceTree = "<group>";
		};
		12BB36471931469D00E7CF26 /* Products */ = {
			isa = PBXGroup;
			children = (
				12BB36461931469D00E7CF26 /* HelloOpenCViOS.app */,
				12BB36671931469D00E7CF26 /* HelloOpenCViOSTests.xctest */,
			);
			name = Products;
			sourceTree = "<group>";
		};
		12BB36481931469D00E7CF26 /* Frameworks */ = {
			isa = PBXGroup;
			children = (
				12BB368A193149CF00E7CF26 /* QuartzCore.framework */,
				12BB3688193149C400E7CF26 /* CoreMedia.framework */,
				12BB3686193149B500E7CF26 /* CoreImage.framework */,
				12BB36841931499E00E7CF26 /* AVFoundation.framework */,
				12BB36821931499500E7CF26 /* AssetsLibrary.framework */,
				12BB36801931498C00E7CF26 /* Accelerate.framework */,
				12BB367E1931475500E7CF26 /* opencv2.framework */,
				12BB36491931469D00E7CF26 /* Foundation.framework */,
				12BB364B1931469D00E7CF26 /* CoreGraphics.framework */,
				12BB364D1931469D00E7CF26 /* UIKit.framework */,
				12BB36681931469D00E7CF26 /* XCTest.framework */,
			);
			name = Frameworks;
			sourceTree = "<group>";
		};
		12BB364F1931469D00E7CF26 /* HelloOpenCViOS */ = {
			isa = PBXGroup;
			children = (
				12BB36581931469D00E7CF26 /* MKKAppDelegate.h */,
				12BB36591931469D00E7CF26 /* MKKAppDelegate.m */,
				12BB365B1931469D00E7CF26 /* Main.storyboard */,
				12BB365E1931469D00E7CF26 /* MKKViewController.h */,
				12BB365F1931469D00E7CF26 /* MKKViewController.m */,
				12BB36611931469D00E7CF26 /* Images.xcassets */,
				12BB36501931469D00E7CF26 /* Supporting Files */,
			);
			path = HelloOpenCViOS;
			sourceTree = "<group>";
		};
		12BB36501931469D00E7CF26 /* Supporting Files */ = {
			isa = PBXGroup;
			children = (
				12BB36511931469D00E7CF26 /* HelloOpenCViOS-Info.plist */,
				12BB36521931469D00E7CF26 /* InfoPlist.strings */,
				12BB36551931469D00E7CF26 /* main.m */,
				12BB36571931469D00E7CF26 /* HelloOpenCViOS-Prefix.pch */,
			);
			name = "Supporting Files";
			sourceTree = "<group>";
		};
		12BB366E1931469D00E7CF26 /* HelloOpenCViOSTests */ = {
			isa = PBXGroup;
			children = (
				12BB36741931469D00E7CF26 /* HelloOpenCViOSTests.m */,
				12BB366F1931469D00E7CF26 /* Supporting Files */,
			);
			path = HelloOpenCViOSTests;
			sourceTree = "<group>";
		};
		12BB366F1931469D00E7CF26 /* Supporting Files */ = {
			isa = PBXGroup;
			children = (
				12BB36701931469D00E7CF26 /* HelloOpenCViOSTests-Info.plist */,
				12BB36711931469D00E7CF26 /* InfoPlist.strings */,
			);
			name = "Supporting Files";
			sourceTree = "<group>";
		};
/* End PBXGroup section */

/* Begin PBXNativeTarget section */
		12BB36451931469D00E7CF26 /* HelloOpenCViOS */ = {
			isa = PBXNativeTarget;
			buildConfigurationList = 12BB36781931469D00E7CF26 /* Build configuration list for PBXNativeTarget "HelloOpenCViOS" */;
			buildPhases = (
				12BB36421931469D00E7CF26 /* Sources */,
				12BB36431931469D00E7CF26 /* Frameworks */,
				12BB36441931469D00E7CF26 /* Resources */,
			);
			buildRules = (
			);
			dependencies = (
			);
			name = HelloOpenCViOS;
			productName = HelloOpenCViOS;
			productReference = 12BB36461931469D00E7CF26 /* HelloOpenCViOS.app */;
			productType = "com.apple.product-type.application";
		};
		12BB36661931469D00E7CF26 /* HelloOpenCViOSTests */ = {
			isa = PBXNativeTarget;
			buildConfigurationList = 12BB367B1931469D00E7CF26 /* Build configuration list for PBXNativeTarget "HelloOpenCViOSTests" */;
			buildPhases = (
				12BB36631931469D00E7CF26 /* Sources */,
				12BB36641931469D00E7CF26 /* Frameworks */,
				12BB36651931469D00E7CF26 /* Resources */,
			);
			buildRules = (
			);
			dependencies = (
				12BB366D1931469D00E7CF26 /* PBXTargetDependency */,
			);
			name = HelloOpenCViOSTests;
			productName = HelloOpenCViOSTests;
			productReference = 12BB36671931469D00E7CF26 /* HelloOpenCViOSTests.xctest */;
			productType = "com.apple.product-type.bundle.unit-test";
		};
/* End PBXNativeTarget section */

/* Begin PBXProject section */
		12BB363E1931469D00E7CF26 /* Project object */ = {
			isa = PBXProject;
			attributes = {
				CLASSPREFIX = MKK;
				LastUpgradeCheck = 0510;
				ORGANIZATIONNAME = "Marcio Klepacz";
				TargetAttributes = {
					12BB36661931469D00E7CF26 = {
						TestTargetID = 12BB36451931469D00E7CF26;
					};
				};
			};
			buildConfigurationList = 12BB36411931469D00E7CF26 /* Build configuration list for PBXProject "HelloOpenCViOS" */;
			compatibilityVersion = "Xcode 3.2";
			developmentRegion = English;
			hasScannedForEncodings = 0;
			knownRegions = (
				en,
				Base,
			);
			mainGroup = 12BB363D1931469D00E7CF26;
			productRefGroup = 12BB36471931469D00E7CF26 /* Products */;
			projectDirPath = "";
			projectRoot = "";
			targets = (
				12BB36451931469D00E7CF26 /* HelloOpenCViOS */,
				12BB36661931469D00E7CF26 /* HelloOpenCViOSTests */,
			);
		};
/* End PBXProject section */

/* Begin PBXResourcesBuildPhase section */
		12BB36441931469D00E7CF26 /* Resources */ = {
			isa = PBXResourcesBuildPhase;
			buildActionMask = 2147483647;
			files = (
				12BB36621931469D00E7CF26 /* Images.xcassets in Resources */,
				12BB36541931469D00E7CF26 /* InfoPlist.strings in Resources */,
				12BB365D1931469D00E7CF26 /* Main.storyboard in Resources */,
			);
			runOnlyForDeploymentPostprocessing = 0;
		};
		12BB36651931469D00E7CF26 /* Resources */ = {
			isa = PBXResourcesBuildPhase;
			buildActionMask = 2147483647;
			files = (
				12BB36731931469D00E7CF26 /* InfoPlist.strings in Resources */,
			);
			runOnlyForDeploymentPostprocessing = 0;
		};
/* End PBXResourcesBuildPhase section */

/* Begin PBXSourcesBuildPhase section */
		12BB36421931469D00E7CF26 /* Sources */ = {
			isa = PBXSourcesBuildPhase;
			buildActionMask = 2147483647;
			files = (
				12BB365A1931469D00E7CF26 /* MKKAppDelegate.m in Sources */,
				12BB36561931469D00E7CF26 /* main.m in Sources */,
				12BB36601931469D00E7CF26 /* MKKViewController.m in Sources */,
			);
			runOnlyForDeploymentPostprocessing = 0;
		};
		12BB36631931469D00E7CF26 /* Sources */ = {
			isa = PBXSourcesBuildPhase;
			buildActionMask = 2147483647;
			files = (
				12BB36751931469D00E7CF26 /* HelloOpenCViOSTests.m in Sources */,
			);
			runOnlyForDeploymentPostprocessing = 0;
		};
/* End PBXSourcesBuildPhase section */

/* Begin PBXTargetDependency section */
		12BB366D1931469D00E7CF26 /* PBXTargetDependency */ = {
			isa = PBXTargetDependency;
			target = 12BB36451931469D00E7CF26 /* HelloOpenCViOS */;
			targetProxy = 12BB366C1931469D00E7CF26 /* PBXContainerItemProxy */;
		};
/* End PBXTargetDependency section */

/* Begin PBXVariantGroup section */
		12BB36521931469D00E7CF26 /* InfoPlist.strings */ = {
			isa = PBXVariantGroup;
			children = (
				12BB36531931469D00E7CF26 /* en */,
			);
			name = InfoPlist.strings;
			sourceTree = "<group>";
		};
		12BB365B1931469D00E7CF26 /* Main.storyboard */ = {
			isa = PBXVariantGroup;
			children = (
				12BB365C1931469D00E7CF26 /* Base */,
			);
			name = Main.storyboard;
			sourceTree = "<group>";
		};
		12BB36711931469D00E7CF26 /* InfoPlist.strings */ = {
			isa = PBXVariantGroup;
			children = (
				12BB36721931469D00E7CF26 /* en */,
			);
			name = InfoPlist.strings;
			sourceTree = "<group>";
		};
/* End PBXVariantGroup section */

/* Begin XCBuildConfiguration section */
		12BB36761931469D00E7CF26 /* Debug */ = {
			isa = XCBuildConfiguration;
			buildSettings = {
				ALWAYS_SEARCH_USER_PATHS = NO;
				CLANG_CXX_LANGUAGE_STANDARD = "gnu++0x";
				CLANG_CXX_LIBRARY = "libc++";
				CLANG_ENABLE_MODULES = YES;
				CLANG_ENABLE_OBJC_ARC = YES;
				CLANG_WARN_BOOL_CONVERSION = YES;
				CLANG_WARN_CONSTANT_CONVERSION = YES;
				CLANG_WARN_DIRECT_OBJC_ISA_USAGE = YES_ERROR;
				CLANG_WARN_EMPTY_BODY = YES;
				CLANG_WARN_ENUM_CONVERSION = YES;
				CLANG_WARN_INT_CONVERSION = YES;
				CLANG_WARN_OBJC_ROOT_CLASS = YES_ERROR;
				CLANG_WARN__DUPLICATE_METHOD_MATCH = YES;
				"CODE_SIGN_IDENTITY[sdk=iphoneos*]" = "iPhone Developer";
				COPY_PHASE_STRIP = NO;
				GCC_C_LANGUAGE_STANDARD = gnu99;
				GCC_DYNAMIC_NO_PIC = NO;
				GCC_OPTIMIZATION_LEVEL = 0;
				GCC_PREPROCESSOR_DEFINITIONS = (
					"DEBUG=1",
					"$(inherited)",
				);
				GCC_SYMBOLS_PRIVATE_EXTERN = NO;
				GCC_WARN_64_TO_32_BIT_CONVERSION = YES;
				GCC_WARN_ABOUT_RETURN_TYPE = YES_ERROR;
				GCC_WARN_UNDECLARED_SELECTOR = YES;
				GCC_WARN_UNINITIALIZED_AUTOS = YES_AGGRESSIVE;
				GCC_WARN_UNUSED_FUNCTION = YES;
				GCC_WARN_UNUSED_VARIABLE = YES;
				IPHONEOS_DEPLOYMENT_TARGET = 7.1;
				ONLY_ACTIVE_ARCH = NO;
				SDKROOT = iphoneos;
				VALID_ARCHS = arm64;
				"VALID_ARCHS[sdk=*]" = armv7s;
			};
			name = Debug;
		};
		12BB36771931469D00E7CF26 /* Release */ = {
			isa = XCBuildConfiguration;
			buildSettings = {
				ALWAYS_SEARCH_USER_PATHS = NO;
				CLANG_CXX_LANGUAGE_STANDARD = "gnu++0x";
				CLANG_CXX_LIBRARY = "libc++";
				CLANG_ENABLE_MODULES = YES;
				CLANG_ENABLE_OBJC_ARC = YES;
				CLANG_WARN_BOOL_CONVERSION = YES;
				CLANG_WARN_CONSTANT_CONVERSION = YES;
				CLANG_WARN_DIRECT_OBJC_ISA_USAGE = YES_ERROR;
				CLANG_WARN_EMPTY_BODY = YES;
				CLANG_WARN_ENUM_CONVERSION = YES;
				CLANG_WARN_INT_CONVERSION = YES;
				CLANG_WARN_OBJC_ROOT_CLASS = YES_ERROR;
				CLANG_WARN__DUPLICATE_METHOD_MATCH = YES;
				"CODE_SIGN_IDENTITY[sdk=iphoneos*]" = "iPhone Developer";
				COPY_PHASE_STRIP = YES;
				ENABLE_NS_ASSERTIONS = NO;
				GCC_C_LANGUAGE_STANDARD = gnu99;
				GCC_WARN_64_TO_32_BIT_CONVERSION = YES;
				GCC_WARN_ABOUT_RETURN_TYPE = YES_ERROR;
				GCC_WARN_UNDECLARED_SELECTOR = YES;
				GCC_WARN_UNINITIALIZED_AUTOS = YES_AGGRESSIVE;
				GCC_WARN_UNUSED_FUNCTION = YES;
				GCC_WARN_UNUSED_VARIABLE = YES;
				IPHONEOS_DEPLOYMENT_TARGET = 7.1;
				SDKROOT = iphoneos;
				VALIDATE_PRODUCT = YES;
				VALID_ARCHS = arm64;
			};
			name = Release;
		};
		12BB36791931469D00E7CF26 /* Debug */ = {
			isa = XCBuildConfiguration;
			buildSettings = {
				ASSETCATALOG_COMPILER_APPICON_NAME = AppIcon;
				ASSETCATALOG_COMPILER_LAUNCHIMAGE_NAME = LaunchImage;
				FRAMEWORK_SEARCH_PATHS = (
					"$(inherited)",
					/Users/sa/Dev/iOS/OpenCV,
				);
				GCC_PRECOMPILE_PREFIX_HEADER = YES;
				GCC_PREFIX_HEADER = "HelloOpenCViOS/HelloOpenCViOS-Prefix.pch";
				INFOPLIST_FILE = "HelloOpenCViOS/HelloOpenCViOS-Info.plist";
				PRODUCT_NAME = "$(TARGET_NAME)";
				WRAPPER_EXTENSION = app;
			};
			name = Debug;
		};
		12BB367A1931469D00E7CF26 /* Release */ = {
			isa = XCBuildConfiguration;
			buildSettings = {
				ASSETCATALOG_COMPILER_APPICON_NAME = AppIcon;
				ASSETCATALOG_COMPILER_LAUNCHIMAGE_NAME = LaunchImage;
				FRAMEWORK_SEARCH_PATHS = (
					"$(inherited)",
					/Users/sa/Dev/iOS/OpenCV,
				);
				GCC_PRECOMPILE_PREFIX_HEADER = YES;
				GCC_PREFIX_HEADER = "HelloOpenCViOS/HelloOpenCViOS-Prefix.pch";
				INFOPLIST_FILE = "HelloOpenCViOS/HelloOpenCViOS-Info.plist";
				PRODUCT_NAME = "$(TARGET_NAME)";
				WRAPPER_EXTENSION = app;
			};
			name = Release;
		};
		12BB367C1931469D00E7CF26 /* Debug */ = {
			isa = XCBuildConfiguration;
			buildSettings = {
				BUNDLE_LOADER = "$(BUILT_PRODUCTS_DIR)/HelloOpenCViOS.app/HelloOpenCViOS";
				FRAMEWORK_SEARCH_PATHS = (
					"$(SDKROOT)/Developer/Library/Frameworks",
					"$(inherited)",
					"$(DEVELOPER_FRAMEWORKS_DIR)",
				);
				GCC_PRECOMPILE_PREFIX_HEADER = YES;
				GCC_PREFIX_HEADER = "HelloOpenCViOS/HelloOpenCViOS-Prefix.pch";
				GCC_PREPROCESSOR_DEFINITIONS = (
					"DEBUG=1",
					"$(inherited)",
				);
				INFOPLIST_FILE = "HelloOpenCViOSTests/HelloOpenCViOSTests-Info.plist";
				PRODUCT_NAME = "$(TARGET_NAME)";
				TEST_HOST = "$(BUNDLE_LOADER)";
				WRAPPER_EXTENSION = xctest;
			};
			name = Debug;
		};
		12BB367D1931469D00E7CF26 /* Release */ = {
			isa = XCBuildConfiguration;
			buildSettings = {
				BUNDLE_LOADER = "$(BUILT_PRODUCTS_DIR)/HelloOpenCViOS.app/HelloOpenCViOS";
				FRAMEWORK_SEARCH_PATHS = (
					"$(SDKROOT)/Developer/Library/Frameworks",
					"$(inherited)",
					"$(DEVELOPER_FRAMEWORKS_DIR)",
				);
				GCC_PRECOMPILE_PREFIX_HEADER = YES;
				GCC_PREFIX_HEADER = "HelloOpenCViOS/HelloOpenCViOS-Prefix.pch";
				INFOPLIST_FILE = "HelloOpenCViOSTests/HelloOpenCViOSTests-Info.plist";
				PRODUCT_NAME = "$(TARGET_NAME)";
				TEST_HOST = "$(BUNDLE_LOADER)";
				WRAPPER_EXTENSION = xctest;
			};
			name = Release;
		};
/* End XCBuildConfiguration section */

/* Begin XCConfigurationList section */
		12BB36411931469D00E7CF26 /* Build configuration list for PBXProject "HelloOpenCViOS" */ = {
			isa = XCConfigurationList;
			buildConfigurations = (
				12BB36761931469D00E7CF26 /* Debug */,
				12BB36771931469D00E7CF26 /* Release */,
			);
			defaultConfigurationIsVisible = 0;
			defaultConfigurationName = Release;
		};
		12BB36781931469D00E7CF26 /* Build configuration list for PBXNativeTarget "HelloOpenCViOS" */ = {
			isa = XCConfigurationList;
			buildConfigurations = (
				12BB36791931469D00E7CF26 /* Debug */,
				12BB367A1931469D00E7CF26 /* Release */,
			);
			defaultConfigurationIsVisible = 0;
			defaultConfigurationName = Release;
		};
		12BB367B1931469D00E7CF26 /* Build configuration list for PBXNativeTarget "HelloOpenCViOSTests" */ = {
			isa = XCConfigurationList;
			buildConfigurations = (
				12BB367C1931469D00E7CF26 /* Debug */,
				12BB367D1931469D00E7CF26 /* Release */,
			);
			defaultConfigurationIsVisible = 0;
			defaultConfigurationName = Release;
		};
/* End XCConfigurationList section */
	};
	rootObject = 12BB363E1931469D00E7CF26 /* Project object */;
}
